// !$*UTF8*$!
{
	archiveVersion = 1;
	classes = {
	};
	objectVersion = 46;
	objects = {

/* Begin PBXBuildFile section */
		CC0D37BA1E4F3D27002BAE66 /* AppDelegate.swift in Sources */ = {isa = PBXBuildFile; fileRef = CC0D37B91E4F3D27002BAE66 /* AppDelegate.swift */; };
		CC0D37BC1E4F3D27002BAE66 /* ViewController.swift in Sources */ = {isa = PBXBuildFile; fileRef = CC0D37BB1E4F3D27002BAE66 /* ViewController.swift */; };
		CC0D37BF1E4F3D27002BAE66 /* Main.storyboard in Resources */ = {isa = PBXBuildFile; fileRef = CC0D37BD1E4F3D27002BAE66 /* Main.storyboard */; };
		CC0D37C11E4F3D27002BAE66 /* Assets.xcassets in Resources */ = {isa = PBXBuildFile; fileRef = CC0D37C01E4F3D27002BAE66 /* Assets.xcassets */; };
		CC0D37C41E4F3D27002BAE66 /* LaunchScreen.storyboard in Resources */ = {isa = PBXBuildFile; fileRef = CC0D37C21E4F3D27002BAE66 /* LaunchScreen.storyboard */; };
		CC0D37CC1E4F3D62002BAE66 /* API.swift in Sources */ = {isa = PBXBuildFile; fileRef = CC0D37CB1E4F3D62002BAE66 /* API.swift */; };
/* End PBXBuildFile section */

/* Begin PBXFileReference section */
		CC0D37B61E4F3D27002BAE66 /* UnspalshWeather.app */ = {isa = PBXFileReference; explicitFileType = wrapper.application; includeInIndex = 0; path = UnspalshWeather.app; sourceTree = BUILT_PRODUCTS_DIR; };
		CC0D37B91E4F3D27002BAE66 /* AppDelegate.swift */ = {isa = PBXFileReference; lastKnownFileType = sourcecode.swift; path = AppDelegate.swift; sourceTree = "<group>"; };
		CC0D37BB1E4F3D27002BAE66 /* ViewController.swift */ = {isa = PBXFileReference; lastKnownFileType = sourcecode.swift; path = ViewController.swift; sourceTree = "<group>"; };
		CC0D37BE1E4F3D27002BAE66 /* Base */ = {isa = PBXFileReference; lastKnownFileType = file.storyboard; name = Base; path = Base.lproj/Main.storyboard; sourceTree = "<group>"; };
		CC0D37C01E4F3D27002BAE66 /* Assets.xcassets */ = {isa = PBXFileReference; lastKnownFileType = folder.assetcatalog; path = Assets.xcassets; sourceTree = "<group>"; };
		CC0D37C31E4F3D27002BAE66 /* Base */ = {isa = PBXFileReference; lastKnownFileType = file.storyboard; name = Base; path = Base.lproj/LaunchScreen.storyboard; sourceTree = "<group>"; };
		CC0D37C51E4F3D27002BAE66 /* Info.plist */ = {isa = PBXFileReference; lastKnownFileType = text.plist.xml; path = Info.plist; sourceTree = "<group>"; };
		CC0D37CB1E4F3D62002BAE66 /* API.swift */ = {isa = PBXFileReference; fileEncoding = 4; lastKnownFileType = sourcecode.swift; path = API.swift; sourceTree = "<group>"; };
/* End PBXFileReference section */

/* Begin PBXFrameworksBuildPhase section */
		CC0D37B31E4F3D27002BAE66 /* Frameworks */ = {
			isa = PBXFrameworksBuildPhase;
			buildActionMask = 2147483647;
			files = (
			);
			runOnlyForDeploymentPostprocessing = 0;
		};
/* End PBXFrameworksBuildPhase section */

/* Begin PBXGroup section */
		CC0D37AD1E4F3D27002BAE66 = {
			isa = PBXGroup;
			children = (
				CC0D37B81E4F3D27002BAE66 /* UnspalshWeather */,
				CC0D37B71E4F3D27002BAE66 /* Products */,
			);
			sourceTree = "<group>";
		};
		CC0D37B71E4F3D27002BAE66 /* Products */ = {
			isa = PBXGroup;
			children = (
				CC0D37B61E4F3D27002BAE66 /* UnspalshWeather.app */,
			);
			name = Products;
			sourceTree = "<group>";
		};
		CC0D37B81E4F3D27002BAE66 /* UnspalshWeather */ = {
			isa = PBXGroup;
			children = (
				CC0D37B91E4F3D27002BAE66 /* AppDelegate.swift */,
				CC0D37BB1E4F3D27002BAE66 /* ViewController.swift */,
				CC0D37BD1E4F3D27002BAE66 /* Main.storyboard */,
				CC0D37C01E4F3D27002BAE66 /* Assets.xcassets */,
				CC0D37C21E4F3D27002BAE66 /* LaunchScreen.storyboard */,
				CC0D37C51E4F3D27002BAE66 /* Info.plist */,
				CC0D37CB1E4F3D62002BAE66 /* API.swift */,
			);
			path = UnspalshWeather;
			sourceTree = "<group>";
		};
/* End PBXGroup section */

/* Begin PBXNativeTarget section */
		CC0D37B51E4F3D27002BAE66 /* UnspalshWeather */ = {
			isa = PBXNativeTarget;
			buildConfigurationList = CC0D37C81E4F3D27002BAE66 /* Build configuration list for PBXNativeTarget "UnspalshWeather" */;
			buildPhases = (
				CC0D37B21E4F3D27002BAE66 /* Sources */,
				CC0D37B31E4F3D27002BAE66 /* Frameworks */,
				CC0D37B41E4F3D27002BAE66 /* Resources */,
			);
			buildRules = (
			);
			dependencies = (
			);
			name = UnspalshWeather;
			productName = UnspalshWeather;
			productReference = CC0D37B61E4F3D27002BAE66 /* UnspalshWeather.app */;
			productType = "com.apple.product-type.application";
		};
/* End PBXNativeTarget section */

/* Begin PBXProject section */
		CC0D37AE1E4F3D27002BAE66 /* Project object */ = {
			isa = PBXProject;
			attributes = {
				LastSwiftUpdateCheck = 0820;
				LastUpgradeCheck = 0820;
				ORGANIZATIONNAME = "Tal Shachar";
				TargetAttributes = {
					CC0D37B51E4F3D27002BAE66 = {
						CreatedOnToolsVersion = 8.2.1;
						ProvisioningStyle = Automatic;
					};
				};
			};
			buildConfigurationList = CC0D37B11E4F3D27002BAE66 /* Build configuration list for PBXProject "UnspalshWeather" */;
			compatibilityVersion = "Xcode 3.2";
			developmentRegion = English;
			hasScannedForEncodings = 0;
			knownRegions = (
				en,
				Base,
			);
			mainGroup = CC0D37AD1E4F3D27002BAE66;
			productRefGroup = CC0D37B71E4F3D27002BAE66 /* Products */;
			projectDirPath = "";
			projectRoot = "";
			targets = (
				CC0D37B51E4F3D27002BAE66 /* UnspalshWeather */,
			);
		};
/* End PBXProject section */

/* Begin PBXResourcesBuildPhase section */
		CC0D37B41E4F3D27002BAE66 /* Resources */ = {
			isa = PBXResourcesBuildPhase;
			buildActionMask = 2147483647;
			files = (
				CC0D37C41E4F3D27002BAE66 /* LaunchScreen.storyboard in Resources */,
				CC0D37C11E4F3D27002BAE66 /* Assets.xcassets in Resources */,
				CC0D37BF1E4F3D27002BAE66 /* Main.storyboard in Resources */,
			);
			runOnlyForDeploymentPostprocessing = 0;
		};
/* End PBXResourcesBuildPhase section */

/* Begin PBXSourcesBuildPhase section */
		CC0D37B21E4F3D27002BAE66 /* Sources */ = {
			isa = PBXSourcesBuildPhase;
			buildActionMask = 2147483647;
			files = (
				CC0D37BC1E4F3D27002BAE66 /* ViewController.swift in Sources */,
				CC0D37CC1E4F3D62002BAE66 /* API.swift in Sources */,
				CC0D37BA1E4F3D27002BAE66 /* AppDelegate.swift in Sources */,
			);
			runOnlyForDeploymentPostprocessing = 0;
		};
/* End PBXSourcesBuildPhase section */

/* Begin PBXVariantGroup section */
		CC0D37BD1E4F3D27002BAE66 /* Main.storyboard */ = {
			isa = PBXVariantGroup;
			children = (
				CC0D37BE1E4F3D27002BAE66 /* Base */,
			);
			name = Main.storyboard;
			sourceTree = "<group>";
		};
		CC0D37C21E4F3D27002BAE66 /* LaunchScreen.storyboard */ = {
			isa = PBXVariantGroup;
			children = (
				CC0D37C31E4F3D27002BAE66 /* Base */,
			);
			name = LaunchScreen.storyboard;
			sourceTree = "<group>";
		};
/* End PBXVariantGroup section */

/* Begin XCBuildConfiguration section */
		CC0D37C61E4F3D27002BAE66 /* Debug */ = {
			isa = XCBuildConfiguration;
			buildSettings = {
				ALWAYS_SEARCH_USER_PATHS = NO;
				CLANG_ANALYZER_NONNULL = YES;
				CLANG_CXX_LANGUAGE_STANDARD = "gnu++0x";
				CLANG_CXX_LIBRARY = "libc++";
				CLANG_ENABLE_MODULES = YES;
				CLANG_ENABLE_OBJC_ARC = YES;
				CLANG_WARN_BOOL_CONVERSION = YES;
				CLANG_WARN_CONSTANT_CONVERSION = YES;
				CLANG_WARN_DIRECT_OBJC_ISA_USAGE = YES_ERROR;
				CLANG_WARN_DOCUMENTATION_COMMENTS = YES;
				CLANG_WARN_EMPTY_BODY = YES;
				CLANG_WARN_ENUM_CONVERSION = YES;
				CLANG_WARN_INFINITE_RECURSION = YES;
				CLANG_WARN_INT_CONVERSION = YES;
				CLANG_WARN_OBJC_ROOT_CLASS = YES_ERROR;
				CLANG_WARN_SUSPICIOUS_MOVE = YES;
				CLANG_WARN_UNREACHABLE_CODE = YES;
				CLANG_WARN__DUPLICATE_METHOD_MATCH = YES;
				"CODE_SIGN_IDENTITY[sdk=iphoneos*]" = "iPhone Developer";
				COPY_PHASE_STRIP = NO;
				DEBUG_INFORMATION_FORMAT = dwarf;
				ENABLE_STRICT_OBJC_MSGSEND = YES;
				ENABLE_TESTABILITY = YES;
				GCC_C_LANGUAGE_STANDARD = gnu99;
				GCC_DYNAMIC_NO_PIC = NO;
				GCC_NO_COMMON_BLOCKS = YES;
				GCC_OPTIMIZATION_LEVEL = 0;
				GCC_PREPROCESSOR_DEFINITIONS = (
					"DEBUG=1",
					"$(inherited)",
				);
				GCC_WARN_64_TO_32_BIT_CONVERSION = YES;
				GCC_WARN_ABOUT_RETURN_TYPE = YES_ERROR;
				GCC_WARN_UNDECLARED_SELECTOR = YES;
				GCC_WARN_UNINITIALIZED_AUTOS = YES_AGGRESSIVE;
				GCC_WARN_UNUSED_FUNCTION = YES;
				GCC_WARN_UNUSED_VARIABLE = YES;
				IPHONEOS_DEPLOYMENT_TARGET = 10.2;
				MTL_ENABLE_DEBUG_INFO = YES;
				ONLY_ACTIVE_ARCH = YES;
				SDKROOT = iphoneos;
				SWIFT_ACTIVE_COMPILATION_CONDITIONS = DEBUG;
				SWIFT_OPTIMIZATION_LEVEL = "-Onone";
			};
			name = Debug;
		};
		CC0D37C71E4F3D27002BAE66 /* Release */ = {
			isa = XCBuildConfiguration;
			buildSettings = {
				ALWAYS_SEARCH_USER_PATHS = NO;
				CLANG_ANALYZER_NONNULL = YES;
				CLANG_CXX_LANGUAGE_STANDARD = "gnu++0x";
				CLANG_CXX_LIBRARY = "libc++";
				CLANG_ENABLE_MODULES = YES;
				CLANG_ENABLE_OBJC_ARC = YES;
				CLANG_WARN_BOOL_CONVERSION = YES;
				CLANG_WARN_CONSTANT_CONVERSION = YES;
				CLANG_WARN_DIRECT_OBJC_ISA_USAGE = YES_ERROR;
				CLANG_WARN_DOCUMENTATION_COMMENTS = YES;
				CLANG_WARN_EMPTY_BODY = YES;
				CLANG_WARN_ENUM_CONVERSION = YES;
				CLANG_WARN_INFINITE_RECURSION = YES;
				CLANG_WARN_INT_CONVERSION = YES;
				CLANG_WARN_OBJC_ROOT_CLASS = YES_ERROR;
				CLANG_WARN_SUSPICIOUS_MOVE = YES;
				CLANG_WARN_UNREACHABLE_CODE = YES;
				CLANG_WARN__DUPLICATE_METHOD_MATCH = YES;
				"CODE_SIGN_IDENTITY[sdk=iphoneos*]" = "iPhone Developer";
				COPY_PHASE_STRIP = NO;
				DEBUG_INFORMATION_FORMAT = "dwarf-with-dsym";
				ENABLE_NS_ASSERTIONS = NO;
				ENABLE_STRICT_OBJC_MSGSEND = YES;
				GCC_C_LANGUAGE_STANDARD = gnu99;
				GCC_NO_COMMON_BLOCKS = YES;
				GCC_WARN_64_TO_32_BIT_CONVERSION = YES;
				GCC_WARN_ABOUT_RETURN_TYPE = YES_ERROR;
				GCC_WARN_UNDECLARED_SELECTOR = YES;
				GCC_WARN_UNINITIALIZED_AUTOS = YES_AGGRESSIVE;
				GCC_WARN_UNUSED_FUNCTION = YES;
				GCC_WARN_UNUSED_VARIABLE = YES;
				IPHONEOS_DEPLOYMENT_TARGET = 10.2;
				MTL_ENABLE_DEBUG_INFO = NO;
				SDKROOT = iphoneos;
				SWIFT_OPTIMIZATION_LEVEL = "-Owholemodule";
				VALIDATE_PRODUCT = YES;
			};
			name = Release;
		};
		CC0D37C91E4F3D27002BAE66 /* Debug */ = {
			isa = XCBuildConfiguration;
			buildSettings = {
				ASSETCATALOG_COMPILER_APPICON_NAME = AppIcon;
				INFOPLIST_FILE = UnspalshWeather/Info.plist;
				LD_RUNPATH_SEARCH_PATHS = "$(inherited) @executable_path/Frameworks";
				PRODUCT_BUNDLE_IDENTIFIER = TS.UnspalshWeather;
				PRODUCT_NAME = "$(TARGET_NAME)";
				SWIFT_VERSION = 3.0;
			};
			name = Debug;
		};
		CC0D37CA1E4F3D27002BAE66 /* Release */ = {
			isa = XCBuildConfiguration;
			buildSettings = {
				ASSETCATALOG_COMPILER_APPICON_NAME = AppIcon;
				INFOPLIST_FILE = UnspalshWeather/Info.plist;
				LD_RUNPATH_SEARCH_PATHS = "$(inherited) @executable_path/Frameworks";
				PRODUCT_BUNDLE_IDENTIFIER = TS.UnspalshWeather;
				PRODUCT_NAME = "$(TARGET_NAME)";
				SWIFT_VERSION = 3.0;
			};
			name = Release;
		};
/* End XCBuildConfiguration section */

/* Begin XCConfigurationList section */
		CC0D37B11E4F3D27002BAE66 /* Build configuration list for PBXProject "UnspalshWeather" */ = {
			isa = XCConfigurationList;
			buildConfigurations = (
				CC0D37C61E4F3D27002BAE66 /* Debug */,
				CC0D37C71E4F3D27002BAE66 /* Release */,
			);
			defaultConfigurationIsVisible = 0;
			defaultConfigurationName = Release;
		};
		CC0D37C81E4F3D27002BAE66 /* Build configuration list for PBXNativeTarget "UnspalshWeather" */ = {
			isa = XCConfigurationList;
			buildConfigurations = (
				CC0D37C91E4F3D27002BAE66 /* Debug */,
				CC0D37CA1E4F3D27002BAE66 /* Release */,
			);
			defaultConfigurationIsVisible = 0;
			defaultConfigurationName = Release;
		};
/* End XCConfigurationList section */
	};
	rootObject = CC0D37AE1E4F3D27002BAE66 /* Project object */;
}
